{
  "lockfileVersion": 1,
  "configVersion": 0,
  "workspaces": {
    "": {
      "name": "@fal-ai/cli",
      "dependencies": {
        "@fal-ai/client": "^1.9.4",
        "citty": "^0.2.1",
      },
      "devDependencies": {
        "@biomejs/biome": "^2.4.7",
        "bun-types": "^1.3.10",
        "typescript": "^5.9.3",
      },
    },
  },
  "packages": {
    "@biomejs/biome": ["@biomejs/biome@2.4.7", "https://registry.npmjs.com/@biomejs/biome/-/biome-2.4.7.tgz", { "optionalDependencies": { "@biomejs/cli-darwin-arm64": "2.4.7", "@biomejs/cli-darwin-x64": "2.4.7", "@biomejs/cli-linux-arm64": "2.4.7", "@biomejs/cli-linux-arm64-musl": "2.4.7", "@biomejs/cli-linux-x64": "2.4.7", "@biomejs/cli-linux-x64-musl": "2.4.7", "@biomejs/cli-win32-arm64": "2.4.7", "@biomejs/cli-win32-x64": "2.4.7" }, "bin": { "biome": "bin/biome" } }, "sha512-vXrgcmNGZ4lpdwZSpMf1hWw1aWS6B+SyeSYKTLrNsiUsAdSRN0J4d/7mF3ogJFbIwFFSOL3wT92Zzxia/d5/ng=="],

    "@biomejs/cli-darwin-arm64": ["@biomejs/cli-darwin-arm64@2.4.7", "https://registry.npmjs.com/@biomejs/cli-darwin-arm64/-/cli-darwin-arm64-2.4.7.tgz", { "os": "darwin", "cpu": "arm64" }, "sha512-Oo0cF5mHzmvDmTXw8XSjhCia8K6YrZnk7aCS54+/HxyMdZMruMO3nfpDsrlar/EQWe41r1qrwKiCa2QDYHDzWA=="],

    "@biomejs/cli-darwin-x64": ["@biomejs/cli-darwin-x64@2.4.7", "https://registry.npmjs.com/@biomejs/cli-darwin-x64/-/cli-darwin-x64-2.4.7.tgz", { "os": "darwin", "cpu": "x64" }, "sha512-I+cOG3sd/7HdFtvDSnF9QQPrWguUH7zrkIMMykM3PtfWU9soTcS2yRb9Myq6MHmzbeCT08D1UmY+BaiMl5CcoQ=="],

    "@biomejs/cli-linux-arm64": ["@biomejs/cli-linux-arm64@2.4.7", "https://registry.npmjs.com/@biomejs/cli-linux-arm64/-/cli-linux-arm64-2.4.7.tgz", { "os": "linux", "cpu": "arm64" }, "sha512-om6FugwmibzfP/6ALj5WRDVSND4H2G9X0nkI1HZpp2ySf9lW2j0X68oQSaHEnls6666oy4KDsc5RFjT4m0kV0w=="],

    "@biomejs/cli-linux-arm64-musl": ["@biomejs/cli-linux-arm64-musl@2.4.7", "https://registry.npmjs.com/@biomejs/cli-linux-arm64-musl/-/cli-linux-arm64-musl-2.4.7.tgz", { "os": "linux", "cpu": "arm64" }, "sha512-I2NvM9KPb09jWml93O2/5WMfNR7Lee5Latag1JThDRMURVhPX74p9UDnyTw3Ae6cE1DgXfw7sqQgX7rkvpc0vw=="],

    "@biomejs/cli-linux-x64": ["@biomejs/cli-linux-x64@2.4.7", "https://registry.npmjs.com/@biomejs/cli-linux-x64/-/cli-linux-x64-2.4.7.tgz", { "os": "linux", "cpu": "x64" }, "sha512-bV8/uo2Tj+gumnk4sUdkerWyCPRabaZdv88IpbmDWARQQoA/Q0YaqPz1a+LSEDIL7OfrnPi9Hq1Llz4ZIGyIQQ=="],

    "@biomejs/cli-linux-x64-musl": ["@biomejs/cli-linux-x64-musl@2.4.7", "https://registry.npmjs.com/@biomejs/cli-linux-x64-musl/-/cli-linux-x64-musl-2.4.7.tgz", { "os": "linux", "cpu": "x64" }, "sha512-00kx4YrBMU8374zd2wHuRV5wseh0rom5HqRND+vDldJPrWwQw+mzd/d8byI9hPx926CG+vWzq6AeiT7Yi5y59g=="],

    "@biomejs/cli-win32-arm64": ["@biomejs/cli-win32-arm64@2.4.7", "https://registry.npmjs.com/@biomejs/cli-win32-arm64/-/cli-win32-arm64-2.4.7.tgz", { "os": "win32", "cpu": "arm64" }, "sha512-hOUHBMlFCvDhu3WCq6vaBoG0dp0LkWxSEnEEsxxXvOa9TfT6ZBnbh72A/xBM7CBYB7WgwqboetzFEVDnMxelyw=="],

    "@biomejs/cli-win32-x64": ["@biomejs/cli-win32-x64@2.4.7", "https://registry.npmjs.com/@biomejs/cli-win32-x64/-/cli-win32-x64-2.4.7.tgz", { "os": "win32", "cpu": "x64" }, "sha512-qEpGjSkPC3qX4ycbMUthXvi9CkRq7kZpkqMY1OyhmYlYLnANnooDQ7hDerM8+0NJ+DZKVnsIc07h30XOpt7LtQ=="],

    "@fal-ai/client": ["@fal-ai/client@1.9.4", "https://registry.npmjs.com/@fal-ai/client/-/client-1.9.4.tgz", { "dependencies": { "@msgpack/msgpack": "^3.0.0-beta2", "eventsource-parser": "^1.1.2", "robot3": "^0.4.1" } }, "sha512-mDjF2QDq+oficSSxzmErNkseQeRXnvUBEhJy39n4PPe7jRPZeSqM2SNb27SW50rDtCtay+stwFU8zRZehlt1Qg=="],

    "@msgpack/msgpack": ["@msgpack/msgpack@3.1.3", "https://registry.npmjs.com/@msgpack/msgpack/-/msgpack-3.1.3.tgz", {}, "sha512-47XIizs9XZXvuJgoaJUIE2lFoID8ugvc0jzSHP+Ptfk8nTbnR8g788wv48N03Kx0UkAv559HWRQ3yzOgzlRNUA=="],

    "@types/node": ["@types/node@22.19.13", "https://registry.npmjs.com/@types/node/-/node-22.19.13.tgz", { "dependencies": { "undici-types": "~6.21.0" } }, "sha512-akNQMv0wW5uyRpD2v2IEyRSZiR+BeGuoB6L310EgGObO44HSMNT8z1xzio28V8qOrgYaopIDNA18YgdXd+qTiw=="],

    "bun-types": ["bun-types@1.3.10", "https://registry.npmjs.com/bun-types/-/bun-types-1.3.10.tgz", { "dependencies": { "@types/node": "*" } }, "sha512-tcpfCCl6XWo6nCVnpcVrxQ+9AYN1iqMIzgrSKYMB/fjLtV2eyAVEg7AxQJuCq/26R6HpKWykQXuSOq/21RYcbg=="],

    "citty": ["citty@0.2.1", "https://registry.npmjs.com/citty/-/citty-0.2.1.tgz", {}, "sha512-kEV95lFBhQgtogAPlQfJJ0WGVSokvLr/UEoFPiKKOXF7pl98HfUVUD0ejsuTCld/9xH9vogSywZ5KqHzXrZpqg=="],

    "eventsource-parser": ["eventsource-parser@1.1.2", "https://registry.npmjs.com/eventsource-parser/-/eventsource-parser-1.1.2.tgz", {}, "sha512-v0eOBUbiaFojBu2s2NPBfYUoRR9GjcDNvCXVaqEf5vVfpIAh9f8RCo4vXTP8c63QRKCFwoLpMpTdPwwhEKVgzA=="],

    "robot3": ["robot3@0.4.1", "https://registry.npmjs.com/robot3/-/robot3-0.4.1.tgz", {}, "sha512-hzjy826lrxzx8eRgv80idkf8ua1JAepRc9Efdtj03N3KNJuznQCPlyCJ7gnUmDFwZCLQjxy567mQVKmdv2BsXQ=="],

    "typescript": ["typescript@5.9.3", "https://registry.npmjs.com/typescript/-/typescript-5.9.3.tgz", { "bin": { "tsc": "bin/tsc", "tsserver": "bin/tsserver" } }, "sha512-jl1vZzPDinLr9eUt3J/t7V6FgNEw9QjvBPdysz9KfQDD41fQrC2Y4vKQdiaUpFT4bXlb1RHhLpp8wtm6M5TgSw=="],

    "undici-types": ["undici-types@6.21.0", "https://registry.npmjs.com/undici-types/-/undici-types-6.21.0.tgz", {}, "sha512-iwDZqg0QAGrg9Rav5H4n0M64c3mkR59cJ6wQp+7C4nI0gsmExaedaYLNO44eT4AtBBwjbTiGPMlt2Md0T9H9JQ=="],
  }
}
